{
  "name": "01-basic-server-plus-homework",
  "lockfileVersion": 2,
  "requires": true,
  "packages": {
    "": {
      "dependencies": {
        "jstoxml": "^7.0.1"
      }
    },
    "node_modules/jstoxml": {
      "version": "7.0.1",
      "resolved": "https://registry.npmjs.org/jstoxml/-/jstoxml-7.0.1.tgz",
      "integrity": "sha512-yqCv6FoW1uTqtqO/wqQzvdRhVp+iIFwu153pLdSmJwlRRW3+eRWwfHjCE1E+06hB17s934iFDZI1GW0g4QvA8w=="
    }
  },
  "dependencies": {
    "jstoxml": {
      "version": "7.0.1",
      "resolved": "https://registry.npmjs.org/jstoxml/-/jstoxml-7.0.1.tgz",
      "integrity": "sha512-yqCv6FoW1uTqtqO/wqQzvdRhVp+iIFwu153pLdSmJwlRRW3+eRWwfHjCE1E+06hB17s934iFDZI1GW0g4QvA8w=="
    }
  }
}
