{
  "name": "09-use-password-generator-from-npm",
  "version": "1.0.0",
  "lockfileVersion": 2,
  "requires": true,
  "packages": {
    "": {
      "version": "1.0.0",
      "license": "ISC",
      "dependencies": {
        "password-generator-npm-shaharsol": "^1.0.0"
      }
    },
    "node_modules/password-generator-npm-shaharsol": {
      "version": "1.0.0",
      "resolved": "https://registry.npmjs.org/password-generator-npm-shaharsol/-/password-generator-npm-shaharsol-1.0.0.tgz",
      "integrity": "sha512-k7bbqe8Pc6w3h0Q608JpO/hQJFx2mCyQVg3JVeFVbXRRKC14ug+HsWip2vvBRTJNXIdEwBH51Knz+lkdxwFZEw=="
    }
  },
  "dependencies": {
    "password-generator-npm-shaharsol": {
      "version": "1.0.0",
      "resolved": "https://registry.npmjs.org/password-generator-npm-shaharsol/-/password-generator-npm-shaharsol-1.0.0.tgz",
      "integrity": "sha512-k7bbqe8Pc6w3h0Q608JpO/hQJFx2mCyQVg3JVeFVbXRRKC14ug+HsWip2vvBRTJNXIdEwBH51Knz+lkdxwFZEw=="
    }
  }
}
